
Microsoft Visual Studio Solution File, Format Version 12.00
# Visual Studio Version 17
VisualStudioVersion = 17.8.34330.188
MinimumVisualStudioVersion = 10.0.40219.1
Project("{2150E333-8FDC-42A3-9474-1A3956D46DE8}") = "BookingService", "BookingService", "{3645AA01-4C85-462F-81C7-BD0153519D03}"
EndProject
Project("{2150E333-8FDC-42A3-9474-1A3956D46DE8}") = "PaymentService", "PaymentService", "{5CD07FC5-378C-4794-95AC-1CCD873D3982}"
EndProject
Project("{2150E333-8FDC-42A3-9474-1A3956D46DE8}") = "Core", "Core", "{DACF82ED-9D21-4C92-A596-8A57BDFA8B76}"
EndProject
Project("{2150E333-8FDC-42A3-9474-1A3956D46DE8}") = "Domain", "Domain", "{F05340B3-76E8-462B-A534-EAB9FCFA66CF}"
EndProject
Project("{2150E333-8FDC-42A3-9474-1A3956D46DE8}") = "Application", "Application", "{E14CDE75-7A3C-4450-9A2C-19A29FD44514}"
EndProject
Project("{2150E333-8FDC-42A3-9474-1A3956D46DE8}") = "Adapters", "Adapters", "{D0046B33-D265-416A-9930-EC6F3CEEA9FD}"
EndProject
Project("{2150E333-8FDC-42A3-9474-1A3956D46DE8}") = "Consumers", "Consumers", "{0D7AAD6D-44D4-4B78-A893-1A9B32C83AFC}"
EndProject
Project("{2150E333-8FDC-42A3-9474-1A3956D46DE8}") = "Tests", "Tests", "{BD2976B8-9B66-4D7C-88CC-91D77F74B38F}"
EndProject
Project("{2150E333-8FDC-42A3-9474-1A3956D46DE8}") = "Domain", "Domain", "{7AB4F0AF-9391-46AB-BC8D-78F9848632B7}"
EndProject
Project("{2150E333-8FDC-42A3-9474-1A3956D46DE8}") = "Application", "Application", "{283B4BBC-D336-445F-9106-E66F54F176FA}"
EndProject
Project("{2150E333-8FDC-42A3-9474-1A3956D46DE8}") = "Adapters", "Adapters", "{EF03574E-C49F-4849-823A-C4595B8D7B6E}"
EndProject
Project("{9A19103F-16F7-4668-BE54-9A1E7A4F7556}") = "DomainTests", "BookingService\Tests\Domain\DomainTests\DomainTests.csproj", "{46A9E5CF-98E6-4208-8BA6-2F8C9DFC9CFC}"
EndProject
Project("{9A19103F-16F7-4668-BE54-9A1E7A4F7556}") = "ApplicationTests", "BookingService\Tests\Application\ApplicationTests\ApplicationTests.csproj", "{0B641515-C0BE-4010-9639-5FC15E1F0E8E}"
EndProject
Project("{9A19103F-16F7-4668-BE54-9A1E7A4F7556}") = "AdaptersTests", "BookingService\Tests\Adapters\AdaptersTests\AdaptersTests.csproj", "{3593D298-6537-4AFF-8D47-85C0DE59C0AB}"
EndProject
Project("{9A19103F-16F7-4668-BE54-9A1E7A4F7556}") = "API", "BookingService\Consumers\API\API.csproj", "{3F523CE4-8DF1-4510-9529-BA5BC6D1B4F5}"
EndProject
Project("{9A19103F-16F7-4668-BE54-9A1E7A4F7556}") = "Data", "BookingService\Adapters\Data\Data.csproj", "{74B885B5-CCC7-4E8E-B9F8-8D04E0B4F625}"
EndProject
Project("{9A19103F-16F7-4668-BE54-9A1E7A4F7556}") = "Application", "BookingService\Core\Application\Application.csproj", "{386DEF81-FFD2-4CC9-8D24-A0DD8CD312F1}"
EndProject
Project("{9A19103F-16F7-4668-BE54-9A1E7A4F7556}") = "Domain", "BookingService\Core\Domain\Domain.csproj", "{0D9DA094-3A15-4EF2-825C-3963789BAB15}"
EndProject
Global
	GlobalSection(SolutionConfigurationPlatforms) = preSolution
		Debug|Any CPU = Debug|Any CPU
		Release|Any CPU = Release|Any CPU
	EndGlobalSection
	GlobalSection(ProjectConfigurationPlatforms) = postSolution
		{46A9E5CF-98E6-4208-8BA6-2F8C9DFC9CFC}.Debug|Any CPU.ActiveCfg = Debug|Any CPU
		{46A9E5CF-98E6-4208-8BA6-2F8C9DFC9CFC}.Debug|Any CPU.Build.0 = Debug|Any CPU
		{46A9E5CF-98E6-4208-8BA6-2F8C9DFC9CFC}.Release|Any CPU.ActiveCfg = Release|Any CPU
		{46A9E5CF-98E6-4208-8BA6-2F8C9DFC9CFC}.Release|Any CPU.Build.0 = Release|Any CPU
		{0B641515-C0BE-4010-9639-5FC15E1F0E8E}.Debug|Any CPU.ActiveCfg = Debug|Any CPU
		{0B641515-C0BE-4010-9639-5FC15E1F0E8E}.Debug|Any CPU.Build.0 = Debug|Any CPU
		{0B641515-C0BE-4010-9639-5FC15E1F0E8E}.Release|Any CPU.ActiveCfg = Release|Any CPU
		{0B641515-C0BE-4010-9639-5FC15E1F0E8E}.Release|Any CPU.Build.0 = Release|Any CPU
		{3593D298-6537-4AFF-8D47-85C0DE59C0AB}.Debug|Any CPU.ActiveCfg = Debug|Any CPU
		{3593D298-6537-4AFF-8D47-85C0DE59C0AB}.Debug|Any CPU.Build.0 = Debug|Any CPU
		{3593D298-6537-4AFF-8D47-85C0DE59C0AB}.Release|Any CPU.ActiveCfg = Release|Any CPU
		{3593D298-6537-4AFF-8D47-85C0DE59C0AB}.Release|Any CPU.Build.0 = Release|Any CPU
		{3F523CE4-8DF1-4510-9529-BA5BC6D1B4F5}.Debug|Any CPU.ActiveCfg = Debug|Any CPU
		{3F523CE4-8DF1-4510-9529-BA5BC6D1B4F5}.Debug|Any CPU.Build.0 = Debug|Any CPU
		{3F523CE4-8DF1-4510-9529-BA5BC6D1B4F5}.Release|Any CPU.ActiveCfg = Release|Any CPU
		{3F523CE4-8DF1-4510-9529-BA5BC6D1B4F5}.Release|Any CPU.Build.0 = Release|Any CPU
		{74B885B5-CCC7-4E8E-B9F8-8D04E0B4F625}.Debug|Any CPU.ActiveCfg = Debug|Any CPU
		{74B885B5-CCC7-4E8E-B9F8-8D04E0B4F625}.Debug|Any CPU.Build.0 = Debug|Any CPU
		{74B885B5-CCC7-4E8E-B9F8-8D04E0B4F625}.Release|Any CPU.ActiveCfg = Release|Any CPU
		{74B885B5-CCC7-4E8E-B9F8-8D04E0B4F625}.Release|Any CPU.Build.0 = Release|Any CPU
		{386DEF81-FFD2-4CC9-8D24-A0DD8CD312F1}.Debug|Any CPU.ActiveCfg = Debug|Any CPU
		{386DEF81-FFD2-4CC9-8D24-A0DD8CD312F1}.Debug|Any CPU.Build.0 = Debug|Any CPU
		{386DEF81-FFD2-4CC9-8D24-A0DD8CD312F1}.Release|Any CPU.ActiveCfg = Release|Any CPU
		{386DEF81-FFD2-4CC9-8D24-A0DD8CD312F1}.Release|Any CPU.Build.0 = Release|Any CPU
		{0D9DA094-3A15-4EF2-825C-3963789BAB15}.Debug|Any CPU.ActiveCfg = Debug|Any CPU
		{0D9DA094-3A15-4EF2-825C-3963789BAB15}.Debug|Any CPU.Build.0 = Debug|Any CPU
		{0D9DA094-3A15-4EF2-825C-3963789BAB15}.Release|Any CPU.ActiveCfg = Release|Any CPU
		{0D9DA094-3A15-4EF2-825C-3963789BAB15}.Release|Any CPU.Build.0 = Release|Any CPU
	EndGlobalSection
	GlobalSection(SolutionProperties) = preSolution
		HideSolutionNode = FALSE
	EndGlobalSection
	GlobalSection(NestedProjects) = preSolution
		{DACF82ED-9D21-4C92-A596-8A57BDFA8B76} = {3645AA01-4C85-462F-81C7-BD0153519D03}
		{F05340B3-76E8-462B-A534-EAB9FCFA66CF} = {DACF82ED-9D21-4C92-A596-8A57BDFA8B76}
		{E14CDE75-7A3C-4450-9A2C-19A29FD44514} = {DACF82ED-9D21-4C92-A596-8A57BDFA8B76}
		{D0046B33-D265-416A-9930-EC6F3CEEA9FD} = {3645AA01-4C85-462F-81C7-BD0153519D03}
		{0D7AAD6D-44D4-4B78-A893-1A9B32C83AFC} = {3645AA01-4C85-462F-81C7-BD0153519D03}
		{BD2976B8-9B66-4D7C-88CC-91D77F74B38F} = {3645AA01-4C85-462F-81C7-BD0153519D03}
		{7AB4F0AF-9391-46AB-BC8D-78F9848632B7} = {BD2976B8-9B66-4D7C-88CC-91D77F74B38F}
		{283B4BBC-D336-445F-9106-E66F54F176FA} = {BD2976B8-9B66-4D7C-88CC-91D77F74B38F}
		{EF03574E-C49F-4849-823A-C4595B8D7B6E} = {BD2976B8-9B66-4D7C-88CC-91D77F74B38F}
		{46A9E5CF-98E6-4208-8BA6-2F8C9DFC9CFC} = {7AB4F0AF-9391-46AB-BC8D-78F9848632B7}
		{0B641515-C0BE-4010-9639-5FC15E1F0E8E} = {283B4BBC-D336-445F-9106-E66F54F176FA}
		{3593D298-6537-4AFF-8D47-85C0DE59C0AB} = {EF03574E-C49F-4849-823A-C4595B8D7B6E}
		{3F523CE4-8DF1-4510-9529-BA5BC6D1B4F5} = {0D7AAD6D-44D4-4B78-A893-1A9B32C83AFC}
		{74B885B5-CCC7-4E8E-B9F8-8D04E0B4F625} = {D0046B33-D265-416A-9930-EC6F3CEEA9FD}
		{386DEF81-FFD2-4CC9-8D24-A0DD8CD312F1} = {E14CDE75-7A3C-4450-9A2C-19A29FD44514}
		{0D9DA094-3A15-4EF2-825C-3963789BAB15} = {F05340B3-76E8-462B-A534-EAB9FCFA66CF}
	EndGlobalSection
	GlobalSection(ExtensibilityGlobals) = postSolution
		SolutionGuid = {1B10B47B-5D3B-4EDB-81F6-9A718179574A}
	EndGlobalSection
EndGlobal
